{
  "name": "random-package",
  "version": "1.0.0",
  "lockfileVersion": 3,
  "requires": true,
  "packages": {
    "": {
      "name": "random-package",
      "version": "1.0.0",
      "license": "MIT",
      "dependencies": {
        "all-the-package-names": "^2.0.2137"
      }
    },
    "node_modules/all-the-package-names": {
      "version": "2.0.2137",
      "resolved": "https://registry.npmjs.org/all-the-package-names/-/all-the-package-names-2.0.2137.tgz",
      "integrity": "sha512-tZ3cKRTsxLOu5kh+Ua32C8bKfAh4A5tUmpsC0BRyIIAlRauLZZ5O5og2usSKhQ8jZq5WFCK3n0M+NhdOxt+kkA==",
      "bin": {
        "all-the-package-names": "cli.js"
      }
    }
  }
}
