{
  "name": "lucky-package",
  "version": "1.0.0",
  "lockfileVersion": 3,
  "requires": true,
  "packages": {
    "": {
      "name": "lucky-package",
      "version": "1.0.0",
      "license": "MIT",
      "dependencies": {
        "all-the-package-names": "^2.0.2137",
        "minimist": "^1.2.8"
      },
      "bin": {
        "lucky-package": "bin/index.js"
      }
    },
    "node_modules/all-the-package-names": {
      "version": "2.0.2137",
      "resolved": "https://registry.npmjs.org/all-the-package-names/-/all-the-package-names-2.0.2137.tgz",
      "integrity": "sha512-tZ3cKRTsxLOu5kh+Ua32C8bKfAh4A5tUmpsC0BRyIIAlRauLZZ5O5og2usSKhQ8jZq5WFCK3n0M+NhdOxt+kkA==",
      "bin": {
        "all-the-package-names": "cli.js"
      }
    },
    "node_modules/minimist": {
      "version": "1.2.8",
      "resolved": "https://registry.npmjs.org/minimist/-/minimist-1.2.8.tgz",
      "integrity": "sha512-2yyAR8qBkN3YuheJanUpWC5U3bb5osDywNB8RzDVlDwDHbocAJveqqj1u8+SVD7jkWT4yvsHCpWqqWqAxb0zCA==",
      "funding": {
        "url": "https://github.com/sponsors/ljharb"
      }
    }
  }
}
